// !$*UTF8*$!
{
	archiveVersion = 1;
	classes = {
	};
	objectVersion = 46;
	objects = {

/* Begin PBXBuildFile section */
		09CF0D411D03C83700B1876C /* AppDelegate.swift in Sources */ = {isa = PBXBuildFile; fileRef = 09CF0D401D03C83700B1876C /* AppDelegate.swift */; };
		09CF0D431D03C83700B1876C /* ViewController.swift in Sources */ = {isa = PBXBuildFile; fileRef = 09CF0D421D03C83700B1876C /* ViewController.swift */; };
		09CF0D461D03C83700B1876C /* Main.storyboard in Resources */ = {isa = PBXBuildFile; fileRef = 09CF0D441D03C83700B1876C /* Main.storyboard */; };
		09CF0D481D03C83700B1876C /* Assets.xcassets in Resources */ = {isa = PBXBuildFile; fileRef = 09CF0D471D03C83700B1876C /* Assets.xcassets */; };
		09CF0D4B1D03C83700B1876C /* LaunchScreen.storyboard in Resources */ = {isa = PBXBuildFile; fileRef = 09CF0D491D03C83700B1876C /* LaunchScreen.storyboard */; };
		09CF0D561D03C83800B1876C /* AchieveTests.swift in Sources */ = {isa = PBXBuildFile; fileRef = 09CF0D551D03C83800B1876C /* AchieveTests.swift */; };
		09CF0D611D03C83800B1876C /* AchieveUITests.swift in Sources */ = {isa = PBXBuildFile; fileRef = 09CF0D601D03C83800B1876C /* AchieveUITests.swift */; };
/* End PBXBuildFile section */

/* Begin PBXContainerItemProxy section */
		09CF0D521D03C83800B1876C /* PBXContainerItemProxy */ = {
			isa = PBXContainerItemProxy;
			containerPortal = 09CF0D351D03C83700B1876C /* Project object */;
			proxyType = 1;
			remoteGlobalIDString = 09CF0D3C1D03C83700B1876C;
			remoteInfo = Achieve;
		};
		09CF0D5D1D03C83800B1876C /* PBXContainerItemProxy */ = {
			isa = PBXContainerItemProxy;
			containerPortal = 09CF0D351D03C83700B1876C /* Project object */;
			proxyType = 1;
			remoteGlobalIDString = 09CF0D3C1D03C83700B1876C;
			remoteInfo = Achieve;
		};
/* End PBXContainerItemProxy section */

/* Begin PBXFileReference section */
		09CF0D3D1D03C83700B1876C /* Achieve.app */ = {isa = PBXFileReference; explicitFileType = wrapper.application; includeInIndex = 0; path = Achieve.app; sourceTree = BUILT_PRODUCTS_DIR; };
		09CF0D401D03C83700B1876C /* AppDelegate.swift */ = {isa = PBXFileReference; lastKnownFileType = sourcecode.swift; path = AppDelegate.swift; sourceTree = "<group>"; };
		09CF0D421D03C83700B1876C /* ViewController.swift */ = {isa = PBXFileReference; lastKnownFileType = sourcecode.swift; path = ViewController.swift; sourceTree = "<group>"; };
		09CF0D451D03C83700B1876C /* Base */ = {isa = PBXFileReference; lastKnownFileType = file.storyboard; name = Base; path = Base.lproj/Main.storyboard; sourceTree = "<group>"; };
		09CF0D471D03C83700B1876C /* Assets.xcassets */ = {isa = PBXFileReference; lastKnownFileType = folder.assetcatalog; path = Assets.xcassets; sourceTree = "<group>"; };
		09CF0D4A1D03C83700B1876C /* Base */ = {isa = PBXFileReference; lastKnownFileType = file.storyboard; name = Base; path = Base.lproj/LaunchScreen.storyboard; sourceTree = "<group>"; };
		09CF0D4C1D03C83700B1876C /* Info.plist */ = {isa = PBXFileReference; lastKnownFileType = text.plist.xml; path = Info.plist; sourceTree = "<group>"; };
		09CF0D511D03C83800B1876C /* AchieveTests.xctest */ = {isa = PBXFileReference; explicitFileType = wrapper.cfbundle; includeInIndex = 0; path = AchieveTests.xctest; sourceTree = BUILT_PRODUCTS_DIR; };
		09CF0D551D03C83800B1876C /* AchieveTests.swift */ = {isa = PBXFileReference; lastKnownFileType = sourcecode.swift; path = AchieveTests.swift; sourceTree = "<group>"; };
		09CF0D571D03C83800B1876C /* Info.plist */ = {isa = PBXFileReference; lastKnownFileType = text.plist.xml; path = Info.plist; sourceTree = "<group>"; };
		09CF0D5C1D03C83800B1876C /* AchieveUITests.xctest */ = {isa = PBXFileReference; explicitFileType = wrapper.cfbundle; includeInIndex = 0; path = AchieveUITests.xctest; sourceTree = BUILT_PRODUCTS_DIR; };
		09CF0D601D03C83800B1876C /* AchieveUITests.swift */ = {isa = PBXFileReference; lastKnownFileType = sourcecode.swift; path = AchieveUITests.swift; sourceTree = "<group>"; };
		09CF0D621D03C83800B1876C /* Info.plist */ = {isa = PBXFileReference; lastKnownFileType = text.plist.xml; path = Info.plist; sourceTree = "<group>"; };
/* End PBXFileReference section */

/* Begin PBXFrameworksBuildPhase section */
		09CF0D3A1D03C83700B1876C /* Frameworks */ = {
			isa = PBXFrameworksBuildPhase;
			buildActionMask = 2147483647;
			files = (
			);
			runOnlyForDeploymentPostprocessing = 0;
		};
		09CF0D4E1D03C83700B1876C /* Frameworks */ = {
			isa = PBXFrameworksBuildPhase;
			buildActionMask = 2147483647;
			files = (
			);
			runOnlyForDeploymentPostprocessing = 0;
		};
		09CF0D591D03C83800B1876C /* Frameworks */ = {
			isa = PBXFrameworksBuildPhase;
			buildActionMask = 2147483647;
			files = (
			);
			runOnlyForDeploymentPostprocessing = 0;
		};
/* End PBXFrameworksBuildPhase section */

/* Begin PBXGroup section */
		09CF0D341D03C83700B1876C = {
			isa = PBXGroup;
			children = (
				09CF0D3F1D03C83700B1876C /* Achieve */,
				09CF0D541D03C83800B1876C /* AchieveTests */,
				09CF0D5F1D03C83800B1876C /* AchieveUITests */,
				09CF0D3E1D03C83700B1876C /* Products */,
			);
			sourceTree = "<group>";
		};
		09CF0D3E1D03C83700B1876C /* Products */ = {
			isa = PBXGroup;
			children = (
				09CF0D3D1D03C83700B1876C /* Achieve.app */,
				09CF0D511D03C83800B1876C /* AchieveTests.xctest */,
				09CF0D5C1D03C83800B1876C /* AchieveUITests.xctest */,
			);
			name = Products;
			sourceTree = "<group>";
		};
		09CF0D3F1D03C83700B1876C /* Achieve */ = {
			isa = PBXGroup;
			children = (
				09CF0D401D03C83700B1876C /* AppDelegate.swift */,
				09CF0D421D03C83700B1876C /* ViewController.swift */,
				09CF0D441D03C83700B1876C /* Main.storyboard */,
				09CF0D471D03C83700B1876C /* Assets.xcassets */,
				09CF0D491D03C83700B1876C /* LaunchScreen.storyboard */,
				09CF0D4C1D03C83700B1876C /* Info.plist */,
			);
			path = Achieve;
			sourceTree = "<group>";
		};
		09CF0D541D03C83800B1876C /* AchieveTests */ = {
			isa = PBXGroup;
			children = (
				09CF0D551D03C83800B1876C /* AchieveTests.swift */,
				09CF0D571D03C83800B1876C /* Info.plist */,
			);
			path = AchieveTests;
			sourceTree = "<group>";
		};
		09CF0D5F1D03C83800B1876C /* AchieveUITests */ = {
			isa = PBXGroup;
			children = (
				09CF0D601D03C83800B1876C /* AchieveUITests.swift */,
				09CF0D621D03C83800B1876C /* Info.plist */,
			);
			path = AchieveUITests;
			sourceTree = "<group>";
		};
/* End PBXGroup section */

/* Begin PBXNativeTarget section */
		09CF0D3C1D03C83700B1876C /* Achieve */ = {
			isa = PBXNativeTarget;
			buildConfigurationList = 09CF0D651D03C83800B1876C /* Build configuration list for PBXNativeTarget "Achieve" */;
			buildPhases = (
				09CF0D391D03C83700B1876C /* Sources */,
				09CF0D3A1D03C83700B1876C /* Frameworks */,
				09CF0D3B1D03C83700B1876C /* Resources */,
			);
			buildRules = (
			);
			dependencies = (
			);
			name = Achieve;
			productName = Achieve;
			productReference = 09CF0D3D1D03C83700B1876C /* Achieve.app */;
			productType = "com.apple.product-type.application";
		};
		09CF0D501D03C83700B1876C /* AchieveTests */ = {
			isa = PBXNativeTarget;
			buildConfigurationList = 09CF0D681D03C83800B1876C /* Build configuration list for PBXNativeTarget "AchieveTests" */;
			buildPhases = (
				09CF0D4D1D03C83700B1876C /* Sources */,
				09CF0D4E1D03C83700B1876C /* Frameworks */,
				09CF0D4F1D03C83700B1876C /* Resources */,
			);
			buildRules = (
			);
			dependencies = (
				09CF0D531D03C83800B1876C /* PBXTargetDependency */,
			);
			name = AchieveTests;
			productName = AchieveTests;
			productReference = 09CF0D511D03C83800B1876C /* AchieveTests.xctest */;
			productType = "com.apple.product-type.bundle.unit-test";
		};
		09CF0D5B1D03C83800B1876C /* AchieveUITests */ = {
			isa = PBXNativeTarget;
			buildConfigurationList = 09CF0D6B1D03C83800B1876C /* Build configuration list for PBXNativeTarget "AchieveUITests" */;
			buildPhases = (
				09CF0D581D03C83800B1876C /* Sources */,
				09CF0D591D03C83800B1876C /* Frameworks */,
				09CF0D5A1D03C83800B1876C /* Resources */,
			);
			buildRules = (
			);
			dependencies = (
				09CF0D5E1D03C83800B1876C /* PBXTargetDependency */,
			);
			name = AchieveUITests;
			productName = AchieveUITests;
			productReference = 09CF0D5C1D03C83800B1876C /* AchieveUITests.xctest */;
			productType = "com.apple.product-type.bundle.ui-testing";
		};
/* End PBXNativeTarget section */

/* Begin PBXProject section */
		09CF0D351D03C83700B1876C /* Project object */ = {
			isa = PBXProject;
			attributes = {
				LastSwiftUpdateCheck = 0730;
				LastUpgradeCheck = 0730;
				ORGANIZATIONNAME = "Basics Enterprise";
				TargetAttributes = {
					09CF0D3C1D03C83700B1876C = {
						CreatedOnToolsVersion = 7.3.1;
					};
					09CF0D501D03C83700B1876C = {
						CreatedOnToolsVersion = 7.3.1;
						TestTargetID = 09CF0D3C1D03C83700B1876C;
					};
					09CF0D5B1D03C83800B1876C = {
						CreatedOnToolsVersion = 7.3.1;
						TestTargetID = 09CF0D3C1D03C83700B1876C;
					};
				};
			};
			buildConfigurationList = 09CF0D381D03C83700B1876C /* Build configuration list for PBXProject "Achieve" */;
			compatibilityVersion = "Xcode 3.2";
			developmentRegion = English;
			hasScannedForEncodings = 0;
			knownRegions = (
				en,
				Base,
			);
			mainGroup = 09CF0D341D03C83700B1876C;
			productRefGroup = 09CF0D3E1D03C83700B1876C /* Products */;
			projectDirPath = "";
			projectRoot = "";
			targets = (
				09CF0D3C1D03C83700B1876C /* Achieve */,
				09CF0D501D03C83700B1876C /* AchieveTests */,
				09CF0D5B1D03C83800B1876C /* AchieveUITests */,
			);
		};
/* End PBXProject section */

/* Begin PBXResourcesBuildPhase section */
		09CF0D3B1D03C83700B1876C /* Resources */ = {
			isa = PBXResourcesBuildPhase;
			buildActionMask = 2147483647;
			files = (
				09CF0D4B1D03C83700B1876C /* LaunchScreen.storyboard in Resources */,
				09CF0D481D03C83700B1876C /* Assets.xcassets in Resources */,
				09CF0D461D03C83700B1876C /* Main.storyboard in Resources */,
			);
			runOnlyForDeploymentPostprocessing = 0;
		};
		09CF0D4F1D03C83700B1876C /* Resources */ = {
			isa = PBXResourcesBuildPhase;
			buildActionMask = 2147483647;
			files = (
			);
			runOnlyForDeploymentPostprocessing = 0;
		};
		09CF0D5A1D03C83800B1876C /* Resources */ = {
			isa = PBXResourcesBuildPhase;
			buildActionMask = 2147483647;
			files = (
			);
			runOnlyForDeploymentPostprocessing = 0;
		};
/* End PBXResourcesBuildPhase section */

/* Begin PBXSourcesBuildPhase section */
		09CF0D391D03C83700B1876C /* Sources */ = {
			isa = PBXSourcesBuildPhase;
			buildActionMask = 2147483647;
			files = (
				09CF0D431D03C83700B1876C /* ViewController.swift in Sources */,
				09CF0D411D03C83700B1876C /* AppDelegate.swift in Sources */,
			);
			runOnlyForDeploymentPostprocessing = 0;
		};
		09CF0D4D1D03C83700B1876C /* Sources */ = {
			isa = PBXSourcesBuildPhase;
			buildActionMask = 2147483647;
			files = (
				09CF0D561D03C83800B1876C /* AchieveTests.swift in Sources */,
			);
			runOnlyForDeploymentPostprocessing = 0;
		};
		09CF0D581D03C83800B1876C /* Sources */ = {
			isa = PBXSourcesBuildPhase;
			buildActionMask = 2147483647;
			files = (
				09CF0D611D03C83800B1876C /* AchieveUITests.swift in Sources */,
			);
			runOnlyForDeploymentPostprocessing = 0;
		};
/* End PBXSourcesBuildPhase section */

/* Begin PBXTargetDependency section */
		09CF0D531D03C83800B1876C /* PBXTargetDependency */ = {
			isa = PBXTargetDependency;
			target = 09CF0D3C1D03C83700B1876C /* Achieve */;
			targetProxy = 09CF0D521D03C83800B1876C /* PBXContainerItemProxy */;
		};
		09CF0D5E1D03C83800B1876C /* PBXTargetDependency */ = {
			isa = PBXTargetDependency;
			target = 09CF0D3C1D03C83700B1876C /* Achieve */;
			targetProxy = 09CF0D5D1D03C83800B1876C /* PBXContainerItemProxy */;
		};
/* End PBXTargetDependency section */

/* Begin PBXVariantGroup section */
		09CF0D441D03C83700B1876C /* Main.storyboard */ = {
			isa = PBXVariantGroup;
			children = (
				09CF0D451D03C83700B1876C /* Base */,
			);
			name = Main.storyboard;
			sourceTree = "<group>";
		};
		09CF0D491D03C83700B1876C /* LaunchScreen.storyboard */ = {
			isa = PBXVariantGroup;
			children = (
				09CF0D4A1D03C83700B1876C /* Base */,
			);
			name = LaunchScreen.storyboard;
			sourceTree = "<group>";
		};
/* End PBXVariantGroup section */

/* Begin XCBuildConfiguration section */
		09CF0D631D03C83800B1876C /* Debug */ = {
			isa = XCBuildConfiguration;
			buildSettings = {
				ALWAYS_SEARCH_USER_PATHS = NO;
				CLANG_ANALYZER_NONNULL = YES;
				CLANG_CXX_LANGUAGE_STANDARD = "gnu++0x";
				CLANG_CXX_LIBRARY = "libc++";
				CLANG_ENABLE_MODULES = YES;
				CLANG_ENABLE_OBJC_ARC = YES;
				CLANG_WARN_BOOL_CONVERSION = YES;
				CLANG_WARN_CONSTANT_CONVERSION = YES;
				CLANG_WARN_DIRECT_OBJC_ISA_USAGE = YES_ERROR;
				CLANG_WARN_EMPTY_BODY = YES;
				CLANG_WARN_ENUM_CONVERSION = YES;
				CLANG_WARN_INT_CONVERSION = YES;
				CLANG_WARN_OBJC_ROOT_CLASS = YES_ERROR;
				CLANG_WARN_UNREACHABLE_CODE = YES;
				CLANG_WARN__DUPLICATE_METHOD_MATCH = YES;
				"CODE_SIGN_IDENTITY[sdk=iphoneos*]" = "iPhone Developer";
				COPY_PHASE_STRIP = NO;
				DEBUG_INFORMATION_FORMAT = dwarf;
				ENABLE_STRICT_OBJC_MSGSEND = YES;
				ENABLE_TESTABILITY = YES;
				GCC_C_LANGUAGE_STANDARD = gnu99;
				GCC_DYNAMIC_NO_PIC = NO;
				GCC_NO_COMMON_BLOCKS = YES;
				GCC_OPTIMIZATION_LEVEL = 0;
				GCC_PREPROCESSOR_DEFINITIONS = (
					"DEBUG=1",
					"$(inherited)",
				);
				GCC_WARN_64_TO_32_BIT_CONVERSION = YES;
				GCC_WARN_ABOUT_RETURN_TYPE = YES_ERROR;
				GCC_WARN_UNDECLARED_SELECTOR = YES;
				GCC_WARN_UNINITIALIZED_AUTOS = YES_AGGRESSIVE;
				GCC_WARN_UNUSED_FUNCTION = YES;
				GCC_WARN_UNUSED_VARIABLE = YES;
				IPHONEOS_DEPLOYMENT_TARGET = 9.3;
				MTL_ENABLE_DEBUG_INFO = YES;
				ONLY_ACTIVE_ARCH = YES;
				SDKROOT = iphoneos;
				SWIFT_OPTIMIZATION_LEVEL = "-Onone";
				TARGETED_DEVICE_FAMILY = "1,2";
			};
			name = Debug;
		};
		09CF0D641D03C83800B1876C /* Release */ = {
			isa = XCBuildConfiguration;
			buildSettings = {
				ALWAYS_SEARCH_USER_PATHS = NO;
				CLANG_ANALYZER_NONNULL = YES;
				CLANG_CXX_LANGUAGE_STANDARD = "gnu++0x";
				CLANG_CXX_LIBRARY = "libc++";
				CLANG_ENABLE_MODULES = YES;
				CLANG_ENABLE_OBJC_ARC = YES;
				CLANG_WARN_BOOL_CONVERSION = YES;
				CLANG_WARN_CONSTANT_CONVERSION = YES;
				CLANG_WARN_DIRECT_OBJC_ISA_USAGE = YES_ERROR;
				CLANG_WARN_EMPTY_BODY = YES;
				CLANG_WARN_ENUM_CONVERSION = YES;
				CLANG_WARN_INT_CONVERSION = YES;
				CLANG_WARN_OBJC_ROOT_CLASS = YES_ERROR;
				CLANG_WARN_UNREACHABLE_CODE = YES;
				CLANG_WARN__DUPLICATE_METHOD_MATCH = YES;
				"CODE_SIGN_IDENTITY[sdk=iphoneos*]" = "iPhone Developer";
				COPY_PHASE_STRIP = NO;
				DEBUG_INFORMATION_FORMAT = "dwarf-with-dsym";
				ENABLE_NS_ASSERTIONS = NO;
				ENABLE_STRICT_OBJC_MSGSEND = YES;
				GCC_C_LANGUAGE_STANDARD = gnu99;
				GCC_NO_COMMON_BLOCKS = YES;
				GCC_WARN_64_TO_32_BIT_CONVERSION = YES;
				GCC_WARN_ABOUT_RETURN_TYPE = YES_ERROR;
				GCC_WARN_UNDECLARED_SELECTOR = YES;
				GCC_WARN_UNINITIALIZED_AUTOS = YES_AGGRESSIVE;
				GCC_WARN_UNUSED_FUNCTION = YES;
				GCC_WARN_UNUSED_VARIABLE = YES;
				IPHONEOS_DEPLOYMENT_TARGET = 9.3;
				MTL_ENABLE_DEBUG_INFO = NO;
				SDKROOT = iphoneos;
				TARGETED_DEVICE_FAMILY = "1,2";
				VALIDATE_PRODUCT = YES;
			};
			name = Release;
		};
		09CF0D661D03C83800B1876C /* Debug */ = {
			isa = XCBuildConfiguration;
			buildSettings = {
				ASSETCATALOG_COMPILER_APPICON_NAME = AppIcon;
				INFOPLIST_FILE = Achieve/Info.plist;
				LD_RUNPATH_SEARCH_PATHS = "$(inherited) @executable_path/Frameworks";
				PRODUCT_BUNDLE_IDENTIFIER = com.basics.Achieve;
				PRODUCT_NAME = "$(TARGET_NAME)";
			};
			name = Debug;
		};
		09CF0D671D03C83800B1876C /* Release */ = {
			isa = XCBuildConfiguration;
			buildSettings = {
				ASSETCATALOG_COMPILER_APPICON_NAME = AppIcon;
				INFOPLIST_FILE = Achieve/Info.plist;
				LD_RUNPATH_SEARCH_PATHS = "$(inherited) @executable_path/Frameworks";
				PRODUCT_BUNDLE_IDENTIFIER = com.basics.Achieve;
				PRODUCT_NAME = "$(TARGET_NAME)";
			};
			name = Release;
		};
		09CF0D691D03C83800B1876C /* Debug */ = {
			isa = XCBuildConfiguration;
			buildSettings = {
				BUNDLE_LOADER = "$(TEST_HOST)";
				INFOPLIST_FILE = AchieveTests/Info.plist;
				LD_RUNPATH_SEARCH_PATHS = "$(inherited) @executable_path/Frameworks @loader_path/Frameworks";
				PRODUCT_BUNDLE_IDENTIFIER = com.basics.AchieveTests;
				PRODUCT_NAME = "$(TARGET_NAME)";
				TEST_HOST = "$(BUILT_PRODUCTS_DIR)/Achieve.app/Achieve";
			};
			name = Debug;
		};
		09CF0D6A1D03C83800B1876C /* Release */ = {
			isa = XCBuildConfiguration;
			buildSettings = {
				BUNDLE_LOADER = "$(TEST_HOST)";
				INFOPLIST_FILE = AchieveTests/Info.plist;
				LD_RUNPATH_SEARCH_PATHS = "$(inherited) @executable_path/Frameworks @loader_path/Frameworks";
				PRODUCT_BUNDLE_IDENTIFIER = com.basics.AchieveTests;
				PRODUCT_NAME = "$(TARGET_NAME)";
				TEST_HOST = "$(BUILT_PRODUCTS_DIR)/Achieve.app/Achieve";
			};
			name = Release;
		};
		09CF0D6C1D03C83800B1876C /* Debug */ = {
			isa = XCBuildConfiguration;
			buildSettings = {
				INFOPLIST_FILE = AchieveUITests/Info.plist;
				LD_RUNPATH_SEARCH_PATHS = "$(inherited) @executable_path/Frameworks @loader_path/Frameworks";
				PRODUCT_BUNDLE_IDENTIFIER = com.basics.AchieveUITests;
				PRODUCT_NAME = "$(TARGET_NAME)";
				TEST_TARGET_NAME = Achieve;
			};
			name = Debug;
		};
		09CF0D6D1D03C83800B1876C /* Release */ = {
			isa = XCBuildConfiguration;
			buildSettings = {
				INFOPLIST_FILE = AchieveUITests/Info.plist;
				LD_RUNPATH_SEARCH_PATHS = "$(inherited) @executable_path/Frameworks @loader_path/Frameworks";
				PRODUCT_BUNDLE_IDENTIFIER = com.basics.AchieveUITests;
				PRODUCT_NAME = "$(TARGET_NAME)";
				TEST_TARGET_NAME = Achieve;
			};
			name = Release;
		};
/* End XCBuildConfiguration section */

/* Begin XCConfigurationList section */
		09CF0D381D03C83700B1876C /* Build configuration list for PBXProject "Achieve" */ = {
			isa = XCConfigurationList;
			buildConfigurations = (
				09CF0D631D03C83800B1876C /* Debug */,
				09CF0D641D03C83800B1876C /* Release */,
			);
			defaultConfigurationIsVisible = 0;
			defaultConfigurationName = Release;
		};
		09CF0D651D03C83800B1876C /* Build configuration list for PBXNativeTarget "Achieve" */ = {
			isa = XCConfigurationList;
			buildConfigurations = (
				09CF0D661D03C83800B1876C /* Debug */,
				09CF0D671D03C83800B1876C /* Release */,
			);
			defaultConfigurationIsVisible = 0;
		};
		09CF0D681D03C83800B1876C /* Build configuration list for PBXNativeTarget "AchieveTests" */ = {
			isa = XCConfigurationList;
			buildConfigurations = (
				09CF0D691D03C83800B1876C /* Debug */,
				09CF0D6A1D03C83800B1876C /* Release */,
			);
			defaultConfigurationIsVisible = 0;
		};
		09CF0D6B1D03C83800B1876C /* Build configuration list for PBXNativeTarget "AchieveUITests" */ = {
			isa = XCConfigurationList;
			buildConfigurations = (
				09CF0D6C1D03C83800B1876C /* Debug */,
				09CF0D6D1D03C83800B1876C /* Release */,
			);
			defaultConfigurationIsVisible = 0;
		};
/* End XCConfigurationList section */
	};
	rootObject = 09CF0D351D03C83700B1876C /* Project object */;
}
